// !$*UTF8*$!
{
	archiveVersion = 1;
	classes = {
	};
	objectVersion = 46;
	objects = {

/* Begin PBXBuildFile section */
		C86965871D34072D0073AD6E /* AppDelegate.swift in Sources */ = {isa = PBXBuildFile; fileRef = C86965861D34072D0073AD6E /* AppDelegate.swift */; };
		C86965891D34072D0073AD6E /* ViewController.swift in Sources */ = {isa = PBXBuildFile; fileRef = C86965881D34072D0073AD6E /* ViewController.swift */; };
		C869658C1D34072D0073AD6E /* Main.storyboard in Resources */ = {isa = PBXBuildFile; fileRef = C869658A1D34072D0073AD6E /* Main.storyboard */; };
		C869658E1D34072E0073AD6E /* Assets.xcassets in Resources */ = {isa = PBXBuildFile; fileRef = C869658D1D34072E0073AD6E /* Assets.xcassets */; };
		C86965911D34072E0073AD6E /* LaunchScreen.storyboard in Resources */ = {isa = PBXBuildFile; fileRef = C869658F1D34072E0073AD6E /* LaunchScreen.storyboard */; };
/* End PBXBuildFile section */

/* Begin PBXFileReference section */
		C86965831D34072D0073AD6E /* Swift-Exercise.app */ = {isa = PBXFileReference; explicitFileType = wrapper.application; includeInIndex = 0; path = "Swift-Exercise.app"; sourceTree = BUILT_PRODUCTS_DIR; };
		C86965861D34072D0073AD6E /* AppDelegate.swift */ = {isa = PBXFileReference; lastKnownFileType = sourcecode.swift; path = AppDelegate.swift; sourceTree = "<group>"; };
		C86965881D34072D0073AD6E /* ViewController.swift */ = {isa = PBXFileReference; lastKnownFileType = sourcecode.swift; path = ViewController.swift; sourceTree = "<group>"; };
		C869658B1D34072D0073AD6E /* Base */ = {isa = PBXFileReference; lastKnownFileType = file.storyboard; name = Base; path = Base.lproj/Main.storyboard; sourceTree = "<group>"; };
		C869658D1D34072E0073AD6E /* Assets.xcassets */ = {isa = PBXFileReference; lastKnownFileType = folder.assetcatalog; path = Assets.xcassets; sourceTree = "<group>"; };
		C86965901D34072E0073AD6E /* Base */ = {isa = PBXFileReference; lastKnownFileType = file.storyboard; name = Base; path = Base.lproj/LaunchScreen.storyboard; sourceTree = "<group>"; };
		C86965921D34072E0073AD6E /* Info.plist */ = {isa = PBXFileReference; lastKnownFileType = text.plist.xml; path = Info.plist; sourceTree = "<group>"; };
/* End PBXFileReference section */

/* Begin PBXFrameworksBuildPhase section */
		C86965801D34072D0073AD6E /* Frameworks */ = {
			isa = PBXFrameworksBuildPhase;
			buildActionMask = 2147483647;
			files = (
			);
			runOnlyForDeploymentPostprocessing = 0;
		};
/* End PBXFrameworksBuildPhase section */

/* Begin PBXGroup section */
		C869657A1D34072D0073AD6E = {
			isa = PBXGroup;
			children = (
				C86965851D34072D0073AD6E /* Swift-Exercise */,
				C86965841D34072D0073AD6E /* Products */,
			);
			sourceTree = "<group>";
		};
		C86965841D34072D0073AD6E /* Products */ = {
			isa = PBXGroup;
			children = (
				C86965831D34072D0073AD6E /* Swift-Exercise.app */,
			);
			name = Products;
			sourceTree = "<group>";
		};
		C86965851D34072D0073AD6E /* Swift-Exercise */ = {
			isa = PBXGroup;
			children = (
				C86965861D34072D0073AD6E /* AppDelegate.swift */,
				C86965881D34072D0073AD6E /* ViewController.swift */,
				C869658A1D34072D0073AD6E /* Main.storyboard */,
				C869658D1D34072E0073AD6E /* Assets.xcassets */,
				C869658F1D34072E0073AD6E /* LaunchScreen.storyboard */,
				C86965921D34072E0073AD6E /* Info.plist */,
			);
			path = "Swift-Exercise";
			sourceTree = "<group>";
		};
/* End PBXGroup section */

/* Begin PBXNativeTarget section */
		C86965821D34072D0073AD6E /* Swift-Exercise */ = {
			isa = PBXNativeTarget;
			buildConfigurationList = C86965951D34072E0073AD6E /* Build configuration list for PBXNativeTarget "Swift-Exercise" */;
			buildPhases = (
				C869657F1D34072D0073AD6E /* Sources */,
				C86965801D34072D0073AD6E /* Frameworks */,
				C86965811D34072D0073AD6E /* Resources */,
			);
			buildRules = (
			);
			dependencies = (
			);
			name = "Swift-Exercise";
			productName = "Swift-Exercise";
			productReference = C86965831D34072D0073AD6E /* Swift-Exercise.app */;
			productType = "com.apple.product-type.application";
		};
/* End PBXNativeTarget section */

/* Begin PBXProject section */
		C869657B1D34072D0073AD6E /* Project object */ = {
			isa = PBXProject;
			attributes = {
				LastSwiftUpdateCheck = 0730;
				LastUpgradeCheck = 0730;
				ORGANIZATIONNAME = "Toleen Jaradat";
				TargetAttributes = {
					C86965821D34072D0073AD6E = {
						CreatedOnToolsVersion = 7.3.1;
					};
				};
			};
			buildConfigurationList = C869657E1D34072D0073AD6E /* Build configuration list for PBXProject "Swift-Exercise" */;
			compatibilityVersion = "Xcode 3.2";
			developmentRegion = English;
			hasScannedForEncodings = 0;
			knownRegions = (
				en,
				Base,
			);
			mainGroup = C869657A1D34072D0073AD6E;
			productRefGroup = C86965841D34072D0073AD6E /* Products */;
			projectDirPath = "";
			projectRoot = "";
			targets = (
				C86965821D34072D0073AD6E /* Swift-Exercise */,
			);
		};
/* End PBXProject section */

/* Begin PBXResourcesBuildPhase section */
		C86965811D34072D0073AD6E /* Resources */ = {
			isa = PBXResourcesBuildPhase;
			buildActionMask = 2147483647;
			files = (
				C86965911D34072E0073AD6E /* LaunchScreen.storyboard in Resources */,
				C869658E1D34072E0073AD6E /* Assets.xcassets in Resources */,
				C869658C1D34072D0073AD6E /* Main.storyboard in Resources */,
			);
			runOnlyForDeploymentPostprocessing = 0;
		};
/* End PBXResourcesBuildPhase section */

/* Begin PBXSourcesBuildPhase section */
		C869657F1D34072D0073AD6E /* Sources */ = {
			isa = PBXSourcesBuildPhase;
			buildActionMask = 2147483647;
			files = (
				C86965891D34072D0073AD6E /* ViewController.swift in Sources */,
				C86965871D34072D0073AD6E /* AppDelegate.swift in Sources */,
			);
			runOnlyForDeploymentPostprocessing = 0;
		};
/* End PBXSourcesBuildPhase section */

/* Begin PBXVariantGroup section */
		C869658A1D34072D0073AD6E /* Main.storyboard */ = {
			isa = PBXVariantGroup;
			children = (
				C869658B1D34072D0073AD6E /* Base */,
			);
			name = Main.storyboard;
			sourceTree = "<group>";
		};
		C869658F1D34072E0073AD6E /* LaunchScreen.storyboard */ = {
			isa = PBXVariantGroup;
			children = (
				C86965901D34072E0073AD6E /* Base */,
			);
			name = LaunchScreen.storyboard;
			sourceTree = "<group>";
		};
/* End PBXVariantGroup section */

/* Begin XCBuildConfiguration section */
		C86965931D34072E0073AD6E /* Debug */ = {
			isa = XCBuildConfiguration;
			buildSettings = {
				ALWAYS_SEARCH_USER_PATHS = NO;
				CLANG_ANALYZER_NONNULL = YES;
				CLANG_CXX_LANGUAGE_STANDARD = "gnu++0x";
				CLANG_CXX_LIBRARY = "libc++";
				CLANG_ENABLE_MODULES = YES;
				CLANG_ENABLE_OBJC_ARC = YES;
				CLANG_WARN_BOOL_CONVERSION = YES;
				CLANG_WARN_CONSTANT_CONVERSION = YES;
				CLANG_WARN_DIRECT_OBJC_ISA_USAGE = YES_ERROR;
				CLANG_WARN_EMPTY_BODY = YES;
				CLANG_WARN_ENUM_CONVERSION = YES;
				CLANG_WARN_INT_CONVERSION = YES;
				CLANG_WARN_OBJC_ROOT_CLASS = YES_ERROR;
				CLANG_WARN_UNREACHABLE_CODE = YES;
				CLANG_WARN__DUPLICATE_METHOD_MATCH = YES;
				"CODE_SIGN_IDENTITY[sdk=iphoneos*]" = "iPhone Developer";
				COPY_PHASE_STRIP = NO;
				DEBUG_INFORMATION_FORMAT = dwarf;
				ENABLE_STRICT_OBJC_MSGSEND = YES;
				ENABLE_TESTABILITY = YES;
				GCC_C_LANGUAGE_STANDARD = gnu99;
				GCC_DYNAMIC_NO_PIC = NO;
				GCC_NO_COMMON_BLOCKS = YES;
				GCC_OPTIMIZATION_LEVEL = 0;
				GCC_PREPROCESSOR_DEFINITIONS = (
					"DEBUG=1",
					"$(inherited)",
				);
				GCC_WARN_64_TO_32_BIT_CONVERSION = YES;
				GCC_WARN_ABOUT_RETURN_TYPE = YES_ERROR;
				GCC_WARN_UNDECLARED_SELECTOR = YES;
				GCC_WARN_UNINITIALIZED_AUTOS = YES_AGGRESSIVE;
				GCC_WARN_UNUSED_FUNCTION = YES;
				GCC_WARN_UNUSED_VARIABLE = YES;
				IPHONEOS_DEPLOYMENT_TARGET = 9.3;
				MTL_ENABLE_DEBUG_INFO = YES;
				ONLY_ACTIVE_ARCH = YES;
				SDKROOT = iphoneos;
				SWIFT_OPTIMIZATION_LEVEL = "-Onone";
				TARGETED_DEVICE_FAMILY = "1,2";
			};
			name = Debug;
		};
		C86965941D34072E0073AD6E /* Release */ = {
			isa = XCBuildConfiguration;
			buildSettings = {
				ALWAYS_SEARCH_USER_PATHS = NO;
				CLANG_ANALYZER_NONNULL = YES;
				CLANG_CXX_LANGUAGE_STANDARD = "gnu++0x";
				CLANG_CXX_LIBRARY = "libc++";
				CLANG_ENABLE_MODULES = YES;
				CLANG_ENABLE_OBJC_ARC = YES;
				CLANG_WARN_BOOL_CONVERSION = YES;
				CLANG_WARN_CONSTANT_CONVERSION = YES;
				CLANG_WARN_DIRECT_OBJC_ISA_USAGE = YES_ERROR;
				CLANG_WARN_EMPTY_BODY = YES;
				CLANG_WARN_ENUM_CONVERSION = YES;
				CLANG_WARN_INT_CONVERSION = YES;
				CLANG_WARN_OBJC_ROOT_CLASS = YES_ERROR;
				CLANG_WARN_UNREACHABLE_CODE = YES;
				CLANG_WARN__DUPLICATE_METHOD_MATCH = YES;
				"CODE_SIGN_IDENTITY[sdk=iphoneos*]" = "iPhone Developer";
				COPY_PHASE_STRIP = NO;
				DEBUG_INFORMATION_FORMAT = "dwarf-with-dsym";
				ENABLE_NS_ASSERTIONS = NO;
				ENABLE_STRICT_OBJC_MSGSEND = YES;
				GCC_C_LANGUAGE_STANDARD = gnu99;
				GCC_NO_COMMON_BLOCKS = YES;
				GCC_WARN_64_TO_32_BIT_CONVERSION = YES;
				GCC_WARN_ABOUT_RETURN_TYPE = YES_ERROR;
				GCC_WARN_UNDECLARED_SELECTOR = YES;
				GCC_WARN_UNINITIALIZED_AUTOS = YES_AGGRESSIVE;
				GCC_WARN_UNUSED_FUNCTION = YES;
				GCC_WARN_UNUSED_VARIABLE = YES;
				IPHONEOS_DEPLOYMENT_TARGET = 9.3;
				MTL_ENABLE_DEBUG_INFO = NO;
				SDKROOT = iphoneos;
				TARGETED_DEVICE_FAMILY = "1,2";
				VALIDATE_PRODUCT = YES;
			};
			name = Release;
		};
		C86965961D34072E0073AD6E /* Debug */ = {
			isa = XCBuildConfiguration;
			buildSettings = {
				ASSETCATALOG_COMPILER_APPICON_NAME = AppIcon;
				INFOPLIST_FILE = "Swift-Exercise/Info.plist";
				LD_RUNPATH_SEARCH_PATHS = "$(inherited) @executable_path/Frameworks";
				PRODUCT_BUNDLE_IDENTIFIER = "applan.Swift-Exercise";
				PRODUCT_NAME = "$(TARGET_NAME)";
			};
			name = Debug;
		};
		C86965971D34072E0073AD6E /* Release */ = {
			isa = XCBuildConfiguration;
			buildSettings = {
				ASSETCATALOG_COMPILER_APPICON_NAME = AppIcon;
				INFOPLIST_FILE = "Swift-Exercise/Info.plist";
				LD_RUNPATH_SEARCH_PATHS = "$(inherited) @executable_path/Frameworks";
				PRODUCT_BUNDLE_IDENTIFIER = "applan.Swift-Exercise";
				PRODUCT_NAME = "$(TARGET_NAME)";
			};
			name = Release;
		};
/* End XCBuildConfiguration section */

/* Begin XCConfigurationList section */
		C869657E1D34072D0073AD6E /* Build configuration list for PBXProject "Swift-Exercise" */ = {
			isa = XCConfigurationList;
			buildConfigurations = (
				C86965931D34072E0073AD6E /* Debug */,
				C86965941D34072E0073AD6E /* Release */,
			);
			defaultConfigurationIsVisible = 0;
			defaultConfigurationName = Release;
		};
		C86965951D34072E0073AD6E /* Build configuration list for PBXNativeTarget "Swift-Exercise" */ = {
			isa = XCConfigurationList;
			buildConfigurations = (
				C86965961D34072E0073AD6E /* Debug */,
				C86965971D34072E0073AD6E /* Release */,
			);
			defaultConfigurationIsVisible = 0;
		};
/* End XCConfigurationList section */
	};
	rootObject = C869657B1D34072D0073AD6E /* Project object */;
}
